
Microsoft Visual Studio Solution File, Format Version 12.00
# Visual Studio Version 16
VisualStudioVersion = 16.0.30804.86
MinimumVisualStudioVersion = 10.0.40219.1
Project("{FAE04EC0-301F-11D3-BF4B-00C04F79EFBC}") = "ListViewTestApp.Android", "ListViewTestApp\ListViewTestApp.Android\ListViewTestApp.Android.csproj", "{39B7ACA4-99B7-442B-82A2-9957480C232B}"
EndProject
Project("{FAE04EC0-301F-11D3-BF4B-00C04F79EFBC}") = "ListViewTestApp.iOS", "ListViewTestApp\ListViewTestApp.iOS\ListViewTestApp.iOS.csproj", "{47154D8E-835E-4FDB-8664-1323EA99108B}"
EndProject
Project("{FAE04EC0-301F-11D3-BF4B-00C04F79EFBC}") = "ListViewTestApp", "ListViewTestApp\ListViewTestApp\ListViewTestApp.csproj", "{4BDF2823-F43B-4802-8D8A-2F3C9B968FEC}"
EndProject
Global
	GlobalSection(SolutionConfigurationPlatforms) = preSolution
		Debug|Any CPU = Debug|Any CPU
		Debug|iPhone = Debug|iPhone
		Debug|iPhoneSimulator = Debug|iPhoneSimulator
		Release|Any CPU = Release|Any CPU
		Release|iPhone = Release|iPhone
		Release|iPhoneSimulator = Release|iPhoneSimulator
	EndGlobalSection
	GlobalSection(ProjectConfigurationPlatforms) = postSolution
		{39B7ACA4-99B7-442B-82A2-9957480C232B}.Debug|Any CPU.ActiveCfg = Debug|Any CPU
		{39B7ACA4-99B7-442B-82A2-9957480C232B}.Debug|Any CPU.Build.0 = Debug|Any CPU
		{39B7ACA4-99B7-442B-82A2-9957480C232B}.Debug|Any CPU.Deploy.0 = Debug|Any CPU
		{39B7ACA4-99B7-442B-82A2-9957480C232B}.Debug|iPhone.ActiveCfg = Debug|Any CPU
		{39B7ACA4-99B7-442B-82A2-9957480C232B}.Debug|iPhone.Build.0 = Debug|Any CPU
		{39B7ACA4-99B7-442B-82A2-9957480C232B}.Debug|iPhone.Deploy.0 = Debug|Any CPU
		{39B7ACA4-99B7-442B-82A2-9957480C232B}.Debug|iPhoneSimulator.ActiveCfg = Debug|Any CPU
		{39B7ACA4-99B7-442B-82A2-9957480C232B}.Debug|iPhoneSimulator.Build.0 = Debug|Any CPU
		{39B7ACA4-99B7-442B-82A2-9957480C232B}.Debug|iPhoneSimulator.Deploy.0 = Debug|Any CPU
		{39B7ACA4-99B7-442B-82A2-9957480C232B}.Release|Any CPU.ActiveCfg = Release|Any CPU
		{39B7ACA4-99B7-442B-82A2-9957480C232B}.Release|Any CPU.Build.0 = Release|Any CPU
		{39B7ACA4-99B7-442B-82A2-9957480C232B}.Release|Any CPU.Deploy.0 = Release|Any CPU
		{39B7ACA4-99B7-442B-82A2-9957480C232B}.Release|iPhone.ActiveCfg = Release|Any CPU
		{39B7ACA4-99B7-442B-82A2-9957480C232B}.Release|iPhone.Build.0 = Release|Any CPU
		{39B7ACA4-99B7-442B-82A2-9957480C232B}.Release|iPhone.Deploy.0 = Release|Any CPU
		{39B7ACA4-99B7-442B-82A2-9957480C232B}.Release|iPhoneSimulator.ActiveCfg = Release|Any CPU
		{39B7ACA4-99B7-442B-82A2-9957480C232B}.Release|iPhoneSimulator.Build.0 = Release|Any CPU
		{39B7ACA4-99B7-442B-82A2-9957480C232B}.Release|iPhoneSimulator.Deploy.0 = Release|Any CPU
		{47154D8E-835E-4FDB-8664-1323EA99108B}.Debug|Any CPU.ActiveCfg = Debug|iPhone
		{47154D8E-835E-4FDB-8664-1323EA99108B}.Debug|Any CPU.Build.0 = Debug|iPhone
		{47154D8E-835E-4FDB-8664-1323EA99108B}.Debug|Any CPU.Deploy.0 = Debug|iPhone
		{47154D8E-835E-4FDB-8664-1323EA99108B}.Debug|iPhone.ActiveCfg = Debug|iPhone
		{47154D8E-835E-4FDB-8664-1323EA99108B}.Debug|iPhone.Build.0 = Debug|iPhone
		{47154D8E-835E-4FDB-8664-1323EA99108B}.Debug|iPhone.Deploy.0 = Debug|iPhone
		{47154D8E-835E-4FDB-8664-1323EA99108B}.Debug|iPhoneSimulator.ActiveCfg = Debug|iPhoneSimulator
		{47154D8E-835E-4FDB-8664-1323EA99108B}.Debug|iPhoneSimulator.Build.0 = Debug|iPhoneSimulator
		{47154D8E-835E-4FDB-8664-1323EA99108B}.Debug|iPhoneSimulator.Deploy.0 = Debug|iPhoneSimulator
		{47154D8E-835E-4FDB-8664-1323EA99108B}.Release|Any CPU.ActiveCfg = Release|iPhoneSimulator
		{47154D8E-835E-4FDB-8664-1323EA99108B}.Release|Any CPU.Build.0 = Release|iPhoneSimulator
		{47154D8E-835E-4FDB-8664-1323EA99108B}.Release|Any CPU.Deploy.0 = Release|iPhoneSimulator
		{47154D8E-835E-4FDB-8664-1323EA99108B}.Release|iPhone.ActiveCfg = Release|iPhone
		{47154D8E-835E-4FDB-8664-1323EA99108B}.Release|iPhone.Build.0 = Release|iPhone
		{47154D8E-835E-4FDB-8664-1323EA99108B}.Release|iPhone.Deploy.0 = Release|iPhone
		{47154D8E-835E-4FDB-8664-1323EA99108B}.Release|iPhoneSimulator.ActiveCfg = Release|iPhoneSimulator
		{47154D8E-835E-4FDB-8664-1323EA99108B}.Release|iPhoneSimulator.Build.0 = Release|iPhoneSimulator
		{47154D8E-835E-4FDB-8664-1323EA99108B}.Release|iPhoneSimulator.Deploy.0 = Release|iPhoneSimulator
		{4BDF2823-F43B-4802-8D8A-2F3C9B968FEC}.Debug|Any CPU.ActiveCfg = Debug|Any CPU
		{4BDF2823-F43B-4802-8D8A-2F3C9B968FEC}.Debug|Any CPU.Build.0 = Debug|Any CPU
		{4BDF2823-F43B-4802-8D8A-2F3C9B968FEC}.Debug|Any CPU.Deploy.0 = Debug|Any CPU
		{4BDF2823-F43B-4802-8D8A-2F3C9B968FEC}.Debug|iPhone.ActiveCfg = Debug|Any CPU
		{4BDF2823-F43B-4802-8D8A-2F3C9B968FEC}.Debug|iPhone.Build.0 = Debug|Any CPU
		{4BDF2823-F43B-4802-8D8A-2F3C9B968FEC}.Debug|iPhone.Deploy.0 = Debug|Any CPU
		{4BDF2823-F43B-4802-8D8A-2F3C9B968FEC}.Debug|iPhoneSimulator.ActiveCfg = Debug|Any CPU
		{4BDF2823-F43B-4802-8D8A-2F3C9B968FEC}.Debug|iPhoneSimulator.Build.0 = Debug|Any CPU
		{4BDF2823-F43B-4802-8D8A-2F3C9B968FEC}.Debug|iPhoneSimulator.Deploy.0 = Debug|Any CPU
		{4BDF2823-F43B-4802-8D8A-2F3C9B968FEC}.Release|Any CPU.ActiveCfg = Release|Any CPU
		{4BDF2823-F43B-4802-8D8A-2F3C9B968FEC}.Release|Any CPU.Build.0 = Release|Any CPU
		{4BDF2823-F43B-4802-8D8A-2F3C9B968FEC}.Release|Any CPU.Deploy.0 = Release|Any CPU
		{4BDF2823-F43B-4802-8D8A-2F3C9B968FEC}.Release|iPhone.ActiveCfg = Release|Any CPU
		{4BDF2823-F43B-4802-8D8A-2F3C9B968FEC}.Release|iPhone.Build.0 = Release|Any CPU
		{4BDF2823-F43B-4802-8D8A-2F3C9B968FEC}.Release|iPhone.Deploy.0 = Release|Any CPU
		{4BDF2823-F43B-4802-8D8A-2F3C9B968FEC}.Release|iPhoneSimulator.ActiveCfg = Release|Any CPU
		{4BDF2823-F43B-4802-8D8A-2F3C9B968FEC}.Release|iPhoneSimulator.Build.0 = Release|Any CPU
		{4BDF2823-F43B-4802-8D8A-2F3C9B968FEC}.Release|iPhoneSimulator.Deploy.0 = Release|Any CPU
	EndGlobalSection
	GlobalSection(SolutionProperties) = preSolution
		HideSolutionNode = FALSE
	EndGlobalSection
	GlobalSection(ExtensibilityGlobals) = postSolution
		SolutionGuid = {CFF7CAB7-953D-49CA-AFC8-673202AEE0DE}
	EndGlobalSection
EndGlobal
